// !$*UTF8*$!
{
	archiveVersion = 1;
	classes = {
	};
	objectVersion = 56;
	objects = {

/* Begin PBXBuildFile section */
		AAE7A2022A91047900945B92 /* BusinessLocations.swift in Sources */ = {isa = PBXBuildFile; fileRef = AAE7A2012A91047900945B92 /* BusinessLocations.swift */; };
		AAE7A2042A91159000945B92 /* InterestingLocations.csv in Resources */ = {isa = PBXBuildFile; fileRef = AAE7A2032A91159000945B92 /* InterestingLocations.csv */; };
		AAE7A2062A91164E00945B92 /* LoadBusinessData.swift in Sources */ = {isa = PBXBuildFile; fileRef = AAE7A2052A91164E00945B92 /* LoadBusinessData.swift */; };
		AAF8EE082A763F1800F6DAA7 /* basicLocationApp.swift in Sources */ = {isa = PBXBuildFile; fileRef = AAF8EE072A763F1800F6DAA7 /* basicLocationApp.swift */; };
		AAF8EE0A2A763F1800F6DAA7 /* ContentView.swift in Sources */ = {isa = PBXBuildFile; fileRef = AAF8EE092A763F1800F6DAA7 /* ContentView.swift */; };
		AAF8EE0C2A763F1900F6DAA7 /* Assets.xcassets in Resources */ = {isa = PBXBuildFile; fileRef = AAF8EE0B2A763F1900F6DAA7 /* Assets.xcassets */; };
		AAF8EE0F2A763F1900F6DAA7 /* Preview Assets.xcassets in Resources */ = {isa = PBXBuildFile; fileRef = AAF8EE0E2A763F1900F6DAA7 /* Preview Assets.xcassets */; };
		AAF8EE162A76406400F6DAA7 /* LocationManager.swift in Sources */ = {isa = PBXBuildFile; fileRef = AAF8EE152A76406400F6DAA7 /* LocationManager.swift */; };
		AAF8EE182A76B74E00F6DAA7 /* CheckScrollView.swift in Sources */ = {isa = PBXBuildFile; fileRef = AAF8EE172A76B74E00F6DAA7 /* CheckScrollView.swift */; };
		AAF8EE1A2A76B9A800F6DAA7 /* CallTextAI.swift in Sources */ = {isa = PBXBuildFile; fileRef = AAF8EE192A76B9A800F6DAA7 /* CallTextAI.swift */; };
		AAF8EE1D2A76BA7200F6DAA7 /* SwiftyJSON in Frameworks */ = {isa = PBXBuildFile; productRef = AAF8EE1C2A76BA7200F6DAA7 /* SwiftyJSON */; };
		AAF8EE202A76BA7E00F6DAA7 /* Alamofire in Frameworks */ = {isa = PBXBuildFile; productRef = AAF8EE1F2A76BA7E00F6DAA7 /* Alamofire */; };
/* End PBXBuildFile section */

/* Begin PBXFileReference section */
		AAE7A2012A91047900945B92 /* BusinessLocations.swift */ = {isa = PBXFileReference; lastKnownFileType = sourcecode.swift; path = BusinessLocations.swift; sourceTree = "<group>"; };
		AAE7A2032A91159000945B92 /* InterestingLocations.csv */ = {isa = PBXFileReference; lastKnownFileType = text; path = InterestingLocations.csv; sourceTree = "<group>"; };
		AAE7A2052A91164E00945B92 /* LoadBusinessData.swift */ = {isa = PBXFileReference; lastKnownFileType = sourcecode.swift; path = LoadBusinessData.swift; sourceTree = "<group>"; };
		AAF8EE042A763F1800F6DAA7 /* basicLocation.app */ = {isa = PBXFileReference; explicitFileType = wrapper.application; includeInIndex = 0; path = basicLocation.app; sourceTree = BUILT_PRODUCTS_DIR; };
		AAF8EE072A763F1800F6DAA7 /* basicLocationApp.swift */ = {isa = PBXFileReference; lastKnownFileType = sourcecode.swift; path = basicLocationApp.swift; sourceTree = "<group>"; };
		AAF8EE092A763F1800F6DAA7 /* ContentView.swift */ = {isa = PBXFileReference; lastKnownFileType = sourcecode.swift; path = ContentView.swift; sourceTree = "<group>"; };
		AAF8EE0B2A763F1900F6DAA7 /* Assets.xcassets */ = {isa = PBXFileReference; lastKnownFileType = folder.assetcatalog; path = Assets.xcassets; sourceTree = "<group>"; };
		AAF8EE0E2A763F1900F6DAA7 /* Preview Assets.xcassets */ = {isa = PBXFileReference; lastKnownFileType = folder.assetcatalog; path = "Preview Assets.xcassets"; sourceTree = "<group>"; };
		AAF8EE152A76406400F6DAA7 /* LocationManager.swift */ = {isa = PBXFileReference; lastKnownFileType = sourcecode.swift; path = LocationManager.swift; sourceTree = "<group>"; };
		AAF8EE172A76B74E00F6DAA7 /* CheckScrollView.swift */ = {isa = PBXFileReference; lastKnownFileType = sourcecode.swift; path = CheckScrollView.swift; sourceTree = "<group>"; };
		AAF8EE192A76B9A800F6DAA7 /* CallTextAI.swift */ = {isa = PBXFileReference; lastKnownFileType = sourcecode.swift; path = CallTextAI.swift; sourceTree = "<group>"; };
/* End PBXFileReference section */

/* Begin PBXFrameworksBuildPhase section */
		AAF8EE012A763F1800F6DAA7 /* Frameworks */ = {
			isa = PBXFrameworksBuildPhase;
			buildActionMask = 2147483647;
			files = (
				AAF8EE1D2A76BA7200F6DAA7 /* SwiftyJSON in Frameworks */,
				AAF8EE202A76BA7E00F6DAA7 /* Alamofire in Frameworks */,
			);
			runOnlyForDeploymentPostprocessing = 0;
		};
/* End PBXFrameworksBuildPhase section */

/* Begin PBXGroup section */
		AAF8EDFB2A763F1800F6DAA7 = {
			isa = PBXGroup;
			children = (
				AAF8EE062A763F1800F6DAA7 /* basicLocation */,
				AAF8EE052A763F1800F6DAA7 /* Products */,
			);
			sourceTree = "<group>";
		};
		AAF8EE052A763F1800F6DAA7 /* Products */ = {
			isa = PBXGroup;
			children = (
				AAF8EE042A763F1800F6DAA7 /* basicLocation.app */,
			);
			name = Products;
			sourceTree = "<group>";
		};
		AAF8EE062A763F1800F6DAA7 /* basicLocation */ = {
			isa = PBXGroup;
			children = (
				AAF8EE072A763F1800F6DAA7 /* basicLocationApp.swift */,
				AAF8EE092A763F1800F6DAA7 /* ContentView.swift */,
				AAE7A2032A91159000945B92 /* InterestingLocations.csv */,
				AAE7A2052A91164E00945B92 /* LoadBusinessData.swift */,
				AAF8EE172A76B74E00F6DAA7 /* CheckScrollView.swift */,
				AAF8EE192A76B9A800F6DAA7 /* CallTextAI.swift */,
				AAE7A2012A91047900945B92 /* BusinessLocations.swift */,
				AAF8EE152A76406400F6DAA7 /* LocationManager.swift */,
				AAF8EE0B2A763F1900F6DAA7 /* Assets.xcassets */,
				AAF8EE0D2A763F1900F6DAA7 /* Preview Content */,
			);
			path = basicLocation;
			sourceTree = "<group>";
		};
		AAF8EE0D2A763F1900F6DAA7 /* Preview Content */ = {
			isa = PBXGroup;
			children = (
				AAF8EE0E2A763F1900F6DAA7 /* Preview Assets.xcassets */,
			);
			path = "Preview Content";
			sourceTree = "<group>";
		};
/* End PBXGroup section */

/* Begin PBXNativeTarget section */
		AAF8EE032A763F1800F6DAA7 /* basicLocation */ = {
			isa = PBXNativeTarget;
			buildConfigurationList = AAF8EE122A763F1900F6DAA7 /* Build configuration list for PBXNativeTarget "basicLocation" */;
			buildPhases = (
				AAF8EE002A763F1800F6DAA7 /* Sources */,
				AAF8EE012A763F1800F6DAA7 /* Frameworks */,
				AAF8EE022A763F1800F6DAA7 /* Resources */,
			);
			buildRules = (
			);
			dependencies = (
			);
			name = basicLocation;
			packageProductDependencies = (
				AAF8EE1C2A76BA7200F6DAA7 /* SwiftyJSON */,
				AAF8EE1F2A76BA7E00F6DAA7 /* Alamofire */,
			);
			productName = basicLocation;
			productReference = AAF8EE042A763F1800F6DAA7 /* basicLocation.app */;
			productType = "com.apple.product-type.application";
		};
/* End PBXNativeTarget section */

/* Begin PBXProject section */
		AAF8EDFC2A763F1800F6DAA7 /* Project object */ = {
			isa = PBXProject;
			attributes = {
				BuildIndependentTargetsInParallel = 1;
				LastSwiftUpdateCheck = 1430;
				LastUpgradeCheck = 1430;
				TargetAttributes = {
					AAF8EE032A763F1800F6DAA7 = {
						CreatedOnToolsVersion = 14.3.1;
					};
				};
			};
			buildConfigurationList = AAF8EDFF2A763F1800F6DAA7 /* Build configuration list for PBXProject "basicLocation" */;
			compatibilityVersion = "Xcode 14.0";
			developmentRegion = en;
			hasScannedForEncodings = 0;
			knownRegions = (
				en,
				Base,
			);
			mainGroup = AAF8EDFB2A763F1800F6DAA7;
			packageReferences = (
				AAF8EE1B2A76BA7200F6DAA7 /* XCRemoteSwiftPackageReference "SwiftyJSON" */,
				AAF8EE1E2A76BA7E00F6DAA7 /* XCRemoteSwiftPackageReference "Alamofire" */,
			);
			productRefGroup = AAF8EE052A763F1800F6DAA7 /* Products */;
			projectDirPath = "";
			projectRoot = "";
			targets = (
				AAF8EE032A763F1800F6DAA7 /* basicLocation */,
			);
		};
/* End PBXProject section */

/* Begin PBXResourcesBuildPhase section */
		AAF8EE022A763F1800F6DAA7 /* Resources */ = {
			isa = PBXResourcesBuildPhase;
			buildActionMask = 2147483647;
			files = (
				AAF8EE0F2A763F1900F6DAA7 /* Preview Assets.xcassets in Resources */,
				AAF8EE0C2A763F1900F6DAA7 /* Assets.xcassets in Resources */,
				AAE7A2042A91159000945B92 /* InterestingLocations.csv in Resources */,
			);
			runOnlyForDeploymentPostprocessing = 0;
		};
/* End PBXResourcesBuildPhase section */

/* Begin PBXSourcesBuildPhase section */
		AAF8EE002A763F1800F6DAA7 /* Sources */ = {
			isa = PBXSourcesBuildPhase;
			buildActionMask = 2147483647;
			files = (
				AAE7A2022A91047900945B92 /* BusinessLocations.swift in Sources */,
				AAF8EE182A76B74E00F6DAA7 /* CheckScrollView.swift in Sources */,
				AAF8EE0A2A763F1800F6DAA7 /* ContentView.swift in Sources */,
				AAE7A2062A91164E00945B92 /* LoadBusinessData.swift in Sources */,
				AAF8EE082A763F1800F6DAA7 /* basicLocationApp.swift in Sources */,
				AAF8EE162A76406400F6DAA7 /* LocationManager.swift in Sources */,
				AAF8EE1A2A76B9A800F6DAA7 /* CallTextAI.swift in Sources */,
			);
			runOnlyForDeploymentPostprocessing = 0;
		};
/* End PBXSourcesBuildPhase section */

/* Begin XCBuildConfiguration section */
		AAF8EE102A763F1900F6DAA7 /* Debug */ = {
			isa = XCBuildConfiguration;
			buildSettings = {
				ALWAYS_SEARCH_USER_PATHS = NO;
				CLANG_ANALYZER_NONNULL = YES;
				CLANG_ANALYZER_NUMBER_OBJECT_CONVERSION = YES_AGGRESSIVE;
				CLANG_CXX_LANGUAGE_STANDARD = "gnu++20";
				CLANG_ENABLE_MODULES = YES;
				CLANG_ENABLE_OBJC_ARC = YES;
				CLANG_ENABLE_OBJC_WEAK = YES;
				CLANG_WARN_BLOCK_CAPTURE_AUTORELEASING = YES;
				CLANG_WARN_BOOL_CONVERSION = YES;
				CLANG_WARN_COMMA = YES;
				CLANG_WARN_CONSTANT_CONVERSION = YES;
				CLANG_WARN_DEPRECATED_OBJC_IMPLEMENTATIONS = YES;
				CLANG_WARN_DIRECT_OBJC_ISA_USAGE = YES_ERROR;
				CLANG_WARN_DOCUMENTATION_COMMENTS = YES;
				CLANG_WARN_EMPTY_BODY = YES;
				CLANG_WARN_ENUM_CONVERSION = YES;
				CLANG_WARN_INFINITE_RECURSION = YES;
				CLANG_WARN_INT_CONVERSION = YES;
				CLANG_WARN_NON_LITERAL_NULL_CONVERSION = YES;
				CLANG_WARN_OBJC_IMPLICIT_RETAIN_SELF = YES;
				CLANG_WARN_OBJC_LITERAL_CONVERSION = YES;
				CLANG_WARN_OBJC_ROOT_CLASS = YES_ERROR;
				CLANG_WARN_QUOTED_INCLUDE_IN_FRAMEWORK_HEADER = YES;
				CLANG_WARN_RANGE_LOOP_ANALYSIS = YES;
				CLANG_WARN_STRICT_PROTOTYPES = YES;
				CLANG_WARN_SUSPICIOUS_MOVE = YES;
				CLANG_WARN_UNGUARDED_AVAILABILITY = YES_AGGRESSIVE;
				CLANG_WARN_UNREACHABLE_CODE = YES;
				CLANG_WARN__DUPLICATE_METHOD_MATCH = YES;
				COPY_PHASE_STRIP = NO;
				DEBUG_INFORMATION_FORMAT = dwarf;
				ENABLE_STRICT_OBJC_MSGSEND = YES;
				ENABLE_TESTABILITY = YES;
				GCC_C_LANGUAGE_STANDARD = gnu11;
				GCC_DYNAMIC_NO_PIC = NO;
				GCC_NO_COMMON_BLOCKS = YES;
				GCC_OPTIMIZATION_LEVEL = 0;
				GCC_PREPROCESSOR_DEFINITIONS = (
					"DEBUG=1",
					"$(inherited)",
				);
				GCC_WARN_64_TO_32_BIT_CONVERSION = YES;
				GCC_WARN_ABOUT_RETURN_TYPE = YES_ERROR;
				GCC_WARN_UNDECLARED_SELECTOR = YES;
				GCC_WARN_UNINITIALIZED_AUTOS = YES_AGGRESSIVE;
				GCC_WARN_UNUSED_FUNCTION = YES;
				GCC_WARN_UNUSED_VARIABLE = YES;
				IPHONEOS_DEPLOYMENT_TARGET = 16.4;
				MTL_ENABLE_DEBUG_INFO = INCLUDE_SOURCE;
				MTL_FAST_MATH = YES;
				ONLY_ACTIVE_ARCH = YES;
				SDKROOT = iphoneos;
				SWIFT_ACTIVE_COMPILATION_CONDITIONS = DEBUG;
				SWIFT_OPTIMIZATION_LEVEL = "-Onone";
			};
			name = Debug;
		};
		AAF8EE112A763F1900F6DAA7 /* Release */ = {
			isa = XCBuildConfiguration;
			buildSettings = {
				ALWAYS_SEARCH_USER_PATHS = NO;
				CLANG_ANALYZER_NONNULL = YES;
				CLANG_ANALYZER_NUMBER_OBJECT_CONVERSION = YES_AGGRESSIVE;
				CLANG_CXX_LANGUAGE_STANDARD = "gnu++20";
				CLANG_ENABLE_MODULES = YES;
				CLANG_ENABLE_OBJC_ARC = YES;
				CLANG_ENABLE_OBJC_WEAK = YES;
				CLANG_WARN_BLOCK_CAPTURE_AUTORELEASING = YES;
				CLANG_WARN_BOOL_CONVERSION = YES;
				CLANG_WARN_COMMA = YES;
				CLANG_WARN_CONSTANT_CONVERSION = YES;
				CLANG_WARN_DEPRECATED_OBJC_IMPLEMENTATIONS = YES;
				CLANG_WARN_DIRECT_OBJC_ISA_USAGE = YES_ERROR;
				CLANG_WARN_DOCUMENTATION_COMMENTS = YES;
				CLANG_WARN_EMPTY_BODY = YES;
				CLANG_WARN_ENUM_CONVERSION = YES;
				CLANG_WARN_INFINITE_RECURSION = YES;
				CLANG_WARN_INT_CONVERSION = YES;
				CLANG_WARN_NON_LITERAL_NULL_CONVERSION = YES;
				CLANG_WARN_OBJC_IMPLICIT_RETAIN_SELF = YES;
				CLANG_WARN_OBJC_LITERAL_CONVERSION = YES;
				CLANG_WARN_OBJC_ROOT_CLASS = YES_ERROR;
				CLANG_WARN_QUOTED_INCLUDE_IN_FRAMEWORK_HEADER = YES;
				CLANG_WARN_RANGE_LOOP_ANALYSIS = YES;
				CLANG_WARN_STRICT_PROTOTYPES = YES;
				CLANG_WARN_SUSPICIOUS_MOVE = YES;
				CLANG_WARN_UNGUARDED_AVAILABILITY = YES_AGGRESSIVE;
				CLANG_WARN_UNREACHABLE_CODE = YES;
				CLANG_WARN__DUPLICATE_METHOD_MATCH = YES;
				COPY_PHASE_STRIP = NO;
				DEBUG_INFORMATION_FORMAT = "dwarf-with-dsym";
				ENABLE_NS_ASSERTIONS = NO;
				ENABLE_STRICT_OBJC_MSGSEND = YES;
				GCC_C_LANGUAGE_STANDARD = gnu11;
				GCC_NO_COMMON_BLOCKS = YES;
				GCC_WARN_64_TO_32_BIT_CONVERSION = YES;
				GCC_WARN_ABOUT_RETURN_TYPE = YES_ERROR;
				GCC_WARN_UNDECLARED_SELECTOR = YES;
				GCC_WARN_UNINITIALIZED_AUTOS = YES_AGGRESSIVE;
				GCC_WARN_UNUSED_FUNCTION = YES;
				GCC_WARN_UNUSED_VARIABLE = YES;
				IPHONEOS_DEPLOYMENT_TARGET = 16.4;
				MTL_ENABLE_DEBUG_INFO = NO;
				MTL_FAST_MATH = YES;
				SDKROOT = iphoneos;
				SWIFT_COMPILATION_MODE = wholemodule;
				SWIFT_OPTIMIZATION_LEVEL = "-O";
				VALIDATE_PRODUCT = YES;
			};
			name = Release;
		};
		AAF8EE132A763F1900F6DAA7 /* Debug */ = {
			isa = XCBuildConfiguration;
			buildSettings = {
				ASSETCATALOG_COMPILER_APPICON_NAME = AppIcon;
				ASSETCATALOG_COMPILER_GLOBAL_ACCENT_COLOR_NAME = AccentColor;
				CODE_SIGN_STYLE = Automatic;
				CURRENT_PROJECT_VERSION = 1;
				DEVELOPMENT_ASSET_PATHS = "\"basicLocation/Preview Content\"";
				DEVELOPMENT_TEAM = T4JB96P77H;
				ENABLE_PREVIEWS = YES;
				GENERATE_INFOPLIST_FILE = YES;
				INFOPLIST_KEY_NSLocationAlwaysAndWhenInUseUsageDescription = "App need location Line 1";
				INFOPLIST_KEY_NSLocationAlwaysUsageDescription = "App needs location Line 2";
				INFOPLIST_KEY_NSLocationWhenInUseUsageDescription = "App needs location Line 3";
				INFOPLIST_KEY_UIApplicationSceneManifest_Generation = YES;
				INFOPLIST_KEY_UIApplicationSupportsIndirectInputEvents = YES;
				INFOPLIST_KEY_UILaunchScreen_Generation = YES;
				INFOPLIST_KEY_UISupportedInterfaceOrientations_iPad = "UIInterfaceOrientationPortrait UIInterfaceOrientationPortraitUpsideDown UIInterfaceOrientationLandscapeLeft UIInterfaceOrientationLandscapeRight";
				INFOPLIST_KEY_UISupportedInterfaceOrientations_iPhone = "UIInterfaceOrientationPortrait UIInterfaceOrientationLandscapeLeft UIInterfaceOrientationLandscapeRight";
				LD_RUNPATH_SEARCH_PATHS = (
					"$(inherited)",
					"@executable_path/Frameworks",
				);
				MARKETING_VERSION = 1.0;
				PRODUCT_BUNDLE_IDENTIFIER = world.aiclub.basicLocation;
				PRODUCT_NAME = "$(TARGET_NAME)";
				SWIFT_EMIT_LOC_STRINGS = YES;
				SWIFT_VERSION = 5.0;
				TARGETED_DEVICE_FAMILY = "1,2";
			};
			name = Debug;
		};
		AAF8EE142A763F1900F6DAA7 /* Release */ = {
			isa = XCBuildConfiguration;
			buildSettings = {
				ASSETCATALOG_COMPILER_APPICON_NAME = AppIcon;
				ASSETCATALOG_COMPILER_GLOBAL_ACCENT_COLOR_NAME = AccentColor;
				CODE_SIGN_STYLE = Automatic;
				CURRENT_PROJECT_VERSION = 1;
				DEVELOPMENT_ASSET_PATHS = "\"basicLocation/Preview Content\"";
				DEVELOPMENT_TEAM = T4JB96P77H;
				ENABLE_PREVIEWS = YES;
				GENERATE_INFOPLIST_FILE = YES;
				INFOPLIST_KEY_NSLocationAlwaysAndWhenInUseUsageDescription = "App need location Line 1";
				INFOPLIST_KEY_NSLocationAlwaysUsageDescription = "App needs location Line 2";
				INFOPLIST_KEY_NSLocationWhenInUseUsageDescription = "App needs location Line 3";
				INFOPLIST_KEY_UIApplicationSceneManifest_Generation = YES;
				INFOPLIST_KEY_UIApplicationSupportsIndirectInputEvents = YES;
				INFOPLIST_KEY_UILaunchScreen_Generation = YES;
				INFOPLIST_KEY_UISupportedInterfaceOrientations_iPad = "UIInterfaceOrientationPortrait UIInterfaceOrientationPortraitUpsideDown UIInterfaceOrientationLandscapeLeft UIInterfaceOrientationLandscapeRight";
				INFOPLIST_KEY_UISupportedInterfaceOrientations_iPhone = "UIInterfaceOrientationPortrait UIInterfaceOrientationLandscapeLeft UIInterfaceOrientationLandscapeRight";
				LD_RUNPATH_SEARCH_PATHS = (
					"$(inherited)",
					"@executable_path/Frameworks",
				);
				MARKETING_VERSION = 1.0;
				PRODUCT_BUNDLE_IDENTIFIER = world.aiclub.basicLocation;
				PRODUCT_NAME = "$(TARGET_NAME)";
				SWIFT_EMIT_LOC_STRINGS = YES;
				SWIFT_VERSION = 5.0;
				TARGETED_DEVICE_FAMILY = "1,2";
			};
			name = Release;
		};
/* End XCBuildConfiguration section */

/* Begin XCConfigurationList section */
		AAF8EDFF2A763F1800F6DAA7 /* Build configuration list for PBXProject "basicLocation" */ = {
			isa = XCConfigurationList;
			buildConfigurations = (
				AAF8EE102A763F1900F6DAA7 /* Debug */,
				AAF8EE112A763F1900F6DAA7 /* Release */,
			);
			defaultConfigurationIsVisible = 0;
			defaultConfigurationName = Release;
		};
		AAF8EE122A763F1900F6DAA7 /* Build configuration list for PBXNativeTarget "basicLocation" */ = {
			isa = XCConfigurationList;
			buildConfigurations = (
				AAF8EE132A763F1900F6DAA7 /* Debug */,
				AAF8EE142A763F1900F6DAA7 /* Release */,
			);
			defaultConfigurationIsVisible = 0;
			defaultConfigurationName = Release;
		};
/* End XCConfigurationList section */

/* Begin XCRemoteSwiftPackageReference section */
		AAF8EE1B2A76BA7200F6DAA7 /* XCRemoteSwiftPackageReference "SwiftyJSON" */ = {
			isa = XCRemoteSwiftPackageReference;
			repositoryURL = "https://github.com/SwiftyJSON/SwiftyJSON";
			requirement = {
				kind = upToNextMajorVersion;
				minimumVersion = 5.0.0;
			};
		};
		AAF8EE1E2A76BA7E00F6DAA7 /* XCRemoteSwiftPackageReference "Alamofire" */ = {
			isa = XCRemoteSwiftPackageReference;
			repositoryURL = "https://github.com/Alamofire/Alamofire";
			requirement = {
				kind = upToNextMajorVersion;
				minimumVersion = 5.0.0;
			};
		};
/* End XCRemoteSwiftPackageReference section */

/* Begin XCSwiftPackageProductDependency section */
		AAF8EE1C2A76BA7200F6DAA7 /* SwiftyJSON */ = {
			isa = XCSwiftPackageProductDependency;
			package = AAF8EE1B2A76BA7200F6DAA7 /* XCRemoteSwiftPackageReference "SwiftyJSON" */;
			productName = SwiftyJSON;
		};
		AAF8EE1F2A76BA7E00F6DAA7 /* Alamofire */ = {
			isa = XCSwiftPackageProductDependency;
			package = AAF8EE1E2A76BA7E00F6DAA7 /* XCRemoteSwiftPackageReference "Alamofire" */;
			productName = Alamofire;
		};
/* End XCSwiftPackageProductDependency section */
	};
	rootObject = AAF8EDFC2A763F1800F6DAA7 /* Project object */;
}
